
Microsoft Visual Studio Solution File, Format Version 12.00
# Visual Studio Version 17
VisualStudioVersion = 17.9.34701.34
MinimumVisualStudioVersion = 10.0.40219.1
Project("{FAE04EC0-301F-11D3-BF4B-00C04F79EFBC}") = "FurqanMehdi", "FurqanMehdi\FurqanMehdi.csproj", "{4FC1D0AB-F7EB-46A7-B140-C132C7A53F37}"
EndProject
Global
	GlobalSection(SolutionConfigurationPlatforms) = preSolution
		Debug|Any CPU = Debug|Any CPU
		Release|Any CPU = Release|Any CPU
	EndGlobalSection
	GlobalSection(ProjectConfigurationPlatforms) = postSolution
		{4FC1D0AB-F7EB-46A7-B140-C132C7A53F37}.Debug|Any CPU.ActiveCfg = Debug|Any CPU
		{4FC1D0AB-F7EB-46A7-B140-C132C7A53F37}.Debug|Any CPU.Build.0 = Debug|Any CPU
		{4FC1D0AB-F7EB-46A7-B140-C132C7A53F37}.Release|Any CPU.ActiveCfg = Release|Any CPU
		{4FC1D0AB-F7EB-46A7-B140-C132C7A53F37}.Release|Any CPU.Build.0 = Release|Any CPU
	EndGlobalSection
	GlobalSection(SolutionProperties) = preSolution
		HideSolutionNode = FALSE
	EndGlobalSection
	GlobalSection(ExtensibilityGlobals) = postSolution
		SolutionGuid = {A046AC5B-5F1F-4A49-8884-884ADC7A8856}
	EndGlobalSection
EndGlobal
